<?xml version="1.0" encoding="utf-8"?>
<Project ToolsVersion="4.0" xmlns="http://schemas.microsoft.com/developer/msbuild/2003">
  <ItemGroup>
    <Filter Include="99. Default">
      <UniqueIdentifier>{22cfd7d5-3609-4172-a74c-135b5afb4eb5}</UniqueIdentifier>
    </Filter>
    <Filter Include="99. Default\리소스 파일">
      <UniqueIdentifier>{67DA6AB6-F800-4c08-8B7A-83BB121AAD01}</UniqueIdentifier>
      <Extensions>rc;ico;cur;bmp;dlg;rc2;rct;bin;rgs;gif;jpg;jpeg;jpe;resx;tiff;tif;png;wav;mfcribbon-ms</Extensions>
    </Filter>
    <Filter Include="00. MainApp">
      <UniqueIdentifier>{ba7df029-6efb-4011-9aa2-c0826f2db698}</UniqueIdentifier>
    </Filter>
    <Filter Include="98. Headers">
      <UniqueIdentifier>{261162af-0e03-409e-985c-dff318a0eb01}</UniqueIdentifier>
    </Filter>
    <Filter Include="02. Scene">
      <UniqueIdentifier>{9628785d-091f-4ac8-b818-22e6262866b5}</UniqueIdentifier>
    </Filter>
    <Filter Include="02. Scene\Logo">
      <UniqueIdentifier>{3dbd2d20-8d3a-439f-8b7b-04dbbd0f7b52}</UniqueIdentifier>
    </Filter>
    <Filter Include="02. Scene\Stage">
      <UniqueIdentifier>{b8445c04-6964-4969-b968-27646868ca89}</UniqueIdentifier>
    </Filter>
    <Filter Include="02. Scene\Boss">
      <UniqueIdentifier>{3f2a5063-c651-4cfa-bdcd-b09b8ea37fde}</UniqueIdentifier>
    </Filter>
    <Filter Include="01. Loading">
      <UniqueIdentifier>{3fddc165-fbce-412d-b7b7-bdbcd416d0e5}</UniqueIdentifier>
    </Filter>
    <Filter Include="03. GameObject">
      <UniqueIdentifier>{e7f2f70c-63b9-4f72-a1d4-219696f1e6ac}</UniqueIdentifier>
    </Filter>
    <Filter Include="03. GameObject\Stage">
      <UniqueIdentifier>{197bcec3-0208-4437-9894-2ba3bded3092}</UniqueIdentifier>
    </Filter>
    <Filter Include="03. GameObject\Logo">
      <UniqueIdentifier>{9f6e9e25-71f5-4075-96c4-5eb7c7801514}</UniqueIdentifier>
    </Filter>
    <Filter Include="03. GameObject\Boss">
      <UniqueIdentifier>{44d1655f-e8e4-4e4e-96b8-06e82d550931}</UniqueIdentifier>
    </Filter>
    <Filter Include="03. GameObject\Static">
      <UniqueIdentifier>{ccc21c77-473a-4b1f-87fe-b6b2e0d2d572}</UniqueIdentifier>
    </Filter>
    <Filter Include="03. GameObject\Static\SceneChange">
      <UniqueIdentifier>{0cef9f39-9397-4081-a6d1-3896ecb75ed7}</UniqueIdentifier>
    </Filter>
    <Filter Include="03. GameObject\Static\SceneChange\LoadingBgr">
      <UniqueIdentifier>{440f38f5-4fbb-4e67-bc94-02007f91c471}</UniqueIdentifier>
    </Filter>
    <Filter Include="03. GameObject\Static\SceneChange\LoadingIcon">
      <UniqueIdentifier>{6f55c9a7-05d6-4e29-8f7e-099848618dcd}</UniqueIdentifier>
    </Filter>
    <Filter Include="98. Headers\ShaderFiles">
      <UniqueIdentifier>{6ac26d53-94aa-4f2f-b519-d840ce434717}</UniqueIdentifier>
    </Filter>
    <Filter Include="03. GameObject\Static\Terrain">
      <UniqueIdentifier>{98c12579-be1c-410a-b4a7-611a88269130}</UniqueIdentifier>
    </Filter>
    <Filter Include="09. Manager">
      <UniqueIdentifier>{9a09c656-ece7-4ee4-b92c-6a6bc9661fa4}</UniqueIdentifier>
    </Filter>
    <Filter Include="09. Manager\IOManager">
      <UniqueIdentifier>{a75f06cc-2c17-4133-b32a-444f25994501}</UniqueIdentifier>
    </Filter>
    <Filter Include="03. GameObject\Static\Monster">
      <UniqueIdentifier>{3db8a26f-a2da-4499-a574-e36ec47fbc1f}</UniqueIdentifier>
    </Filter>
    <Filter Include="04. Observer / Subject">
      <UniqueIdentifier>{195606d4-fb55-469e-b981-658bc80ce4ba}</UniqueIdentifier>
    </Filter>
    <Filter Include="04. Observer / Subject\Observer">
      <UniqueIdentifier>{a0f8e831-f25b-4d45-9e4e-564d732af3ec}</UniqueIdentifier>
    </Filter>
    <Filter Include="04. Observer / Subject\Subject">
      <UniqueIdentifier>{de4ed719-b70e-4d7f-8fee-ce387f67f0fa}</UniqueIdentifier>
    </Filter>
    <Filter Include="04. Observer / Subject\Subject\Subject_Player">
      <UniqueIdentifier>{f10c6c95-a8c9-4021-a214-de705b0806b2}</UniqueIdentifier>
    </Filter>
    <Filter Include="04. Observer / Subject\Observer\Observer_Player">
      <UniqueIdentifier>{1fd2a7fd-a923-47fb-9d52-ee35ef4b17bd}</UniqueIdentifier>
    </Filter>
    <Filter Include="03. GameObject\Static\Camera">
      <UniqueIdentifier>{0d34af9e-7fb1-4590-9153-d83a21e0d628}</UniqueIdentifier>
    </Filter>
    <Filter Include="03. GameObject\Static\Camera\Camera_Free">
      <UniqueIdentifier>{c1d40113-5520-4c6b-9b80-c5abba3aa620}</UniqueIdentifier>
    </Filter>
    <Filter Include="03. GameObject\Static\Camera\Camera_Player">
      <UniqueIdentifier>{20eba7cb-a913-40e8-b5a2-e031e37d0314}</UniqueIdentifier>
    </Filter>
    <Filter Include="03. GameObject\Static\Player">
      <UniqueIdentifier>{029a1f75-3a5c-4c0a-8c79-9c0a9fd40134}</UniqueIdentifier>
    </Filter>
    <Filter Include="03. GameObject\Static\Player\Weapon">
      <UniqueIdentifier>{55d3cbfa-3c9d-454a-8f3d-288472180918}</UniqueIdentifier>
    </Filter>
    <Filter Include="03. GameObject\Static\Player\Shield">
      <UniqueIdentifier>{f87ada87-34df-4f9c-b4a4-a28c9a11898b}</UniqueIdentifier>
    </Filter>
    <Filter Include="03. GameObject\UI">
      <UniqueIdentifier>{7c15e13d-b4e8-40eb-92e5-ce6b5321b2bd}</UniqueIdentifier>
    </Filter>
    <Filter Include="03. GameObject\UI\SK_Slot">
      <UniqueIdentifier>{acab6f4b-1364-42dd-a973-e26cce467ca5}</UniqueIdentifier>
    </Filter>
    <Filter Include="03. GameObject\Stage\Monster">
      <UniqueIdentifier>{90c8628f-c3ec-47ce-b701-dea31b54ca47}</UniqueIdentifier>
    </Filter>
    <Filter Include="03. GameObject\Stage\Monster\Babegazi_Axe">
      <UniqueIdentifier>{841166fc-34e0-4bca-b05d-01738d288539}</UniqueIdentifier>
    </Filter>
    <Filter Include="03. GameObject\Stage\Monster\Babegazi_Bow">
      <UniqueIdentifier>{4b2ac9d0-c3d8-498e-8602-22b12866fd5e}</UniqueIdentifier>
    </Filter>
    <Filter Include="03. GameObject\Stage\Monster\Babegazi_Warrior">
      <UniqueIdentifier>{dd2892d0-45c6-4ad8-9682-927368b95ef5}</UniqueIdentifier>
    </Filter>
    <Filter Include="03. GameObject\Stage\Monster\Knole_Commander">
      <UniqueIdentifier>{6a0f70e7-bb1c-4909-a095-b80ce6593515}</UniqueIdentifier>
    </Filter>
    <Filter Include="03. GameObject\Stage\Monster\Knole_Warrior">
      <UniqueIdentifier>{2150d2f3-5a94-41ef-854a-b9c68fc6211c}</UniqueIdentifier>
    </Filter>
    <Filter Include="03. GameObject\Stage\Interact">
      <UniqueIdentifier>{9c52cc81-0b4c-4f3d-a257-793ef7ee4e90}</UniqueIdentifier>
    </Filter>
    <Filter Include="03. GameObject\Stage\Interact\Crystal">
      <UniqueIdentifier>{206869ea-f761-45c3-a4b0-ccfe211e5842}</UniqueIdentifier>
    </Filter>
    <Filter Include="03. GameObject\Stage\Interact\Icicle">
      <UniqueIdentifier>{1753288e-24f1-431e-96e0-9a41157d6cd8}</UniqueIdentifier>
    </Filter>
    <Filter Include="03. GameObject\Stage\Static">
      <UniqueIdentifier>{dec4dfe0-7638-41bf-9a5b-cc7beace0074}</UniqueIdentifier>
    </Filter>
  </ItemGroup>
  <ItemGroup>
    <ClInclude Include="Client.h">
      <Filter>99. Default</Filter>
    </ClInclude>
    <ClInclude Include="Resource.h">
      <Filter>99. Default</Filter>
    </ClInclude>
    <ClInclude Include="stdafx.h">
      <Filter>99. Default</Filter>
    </ClInclude>
    <ClInclude Include="targetver.h">
      <Filter>99. Default</Filter>
    </ClInclude>
    <ClInclude Include="..\Headers\MainApp.h">
      <Filter>00. MainApp</Filter>
    </ClInclude>
    <ClInclude Include="..\Headers\Client_Defines.h">
      <Filter>98. Headers</Filter>
    </ClInclude>
    <ClInclude Include="..\Headers\Client_Macro.h">
      <Filter>98. Headers</Filter>
    </ClInclude>
    <ClInclude Include="..\Headers\Scene_Logo.h">
      <Filter>02. Scene\Logo</Filter>
    </ClInclude>
    <ClInclude Include="..\Headers\Loading.h">
      <Filter>01. Loading</Filter>
    </ClInclude>
    <ClInclude Include="..\Headers\Loading_Background.h">
      <Filter>03. GameObject\Static\SceneChange\LoadingBgr</Filter>
    </ClInclude>
    <ClInclude Include="..\Headers\Loading_Icon.h">
      <Filter>03. GameObject\Static\SceneChange\LoadingIcon</Filter>
    </ClInclude>
    <ClInclude Include="..\Headers\Scene_Stage.h">
      <Filter>02. Scene\Stage</Filter>
    </ClInclude>
    <ClInclude Include="..\Headers\Scene_Boss.h">
      <Filter>02. Scene\Boss</Filter>
    </ClInclude>
    <ClInclude Include="..\Headers\Terrain.h">
      <Filter>03. GameObject\Static\Terrain</Filter>
    </ClInclude>
    <ClInclude Include="..\Headers\IOManager.h">
      <Filter>09. Manager\IOManager</Filter>
    </ClInclude>
    <ClInclude Include="..\Headers\Monster.h">
      <Filter>03. GameObject\Static\Monster</Filter>
    </ClInclude>
    <ClInclude Include="..\Headers\Knole_Warrior.h">
      <Filter>03. GameObject\Stage\Monster\Knole_Warrior</Filter>
    </ClInclude>
    <ClInclude Include="..\Headers\Knole_Commander.h">
      <Filter>03. GameObject\Stage\Monster\Knole_Commander</Filter>
    </ClInclude>
    <ClInclude Include="..\Headers\Babegazi_Axe.h">
      <Filter>03. GameObject\Stage\Monster\Babegazi_Axe</Filter>
    </ClInclude>
    <ClInclude Include="..\Headers\Babegazi_Bow.h">
      <Filter>03. GameObject\Stage\Monster\Babegazi_Bow</Filter>
    </ClInclude>
    <ClInclude Include="..\Headers\Babegazi_Warrior.h">
      <Filter>03. GameObject\Stage\Monster\Babegazi_Warrior</Filter>
    </ClInclude>
    <ClInclude Include="..\Headers\Subject_Player.h">
      <Filter>04. Observer / Subject\Subject\Subject_Player</Filter>
    </ClInclude>
    <ClInclude Include="..\Headers\Observer_Player.h">
      <Filter>04. Observer / Subject\Observer\Observer_Player</Filter>
    </ClInclude>
    <ClInclude Include="..\Headers\Camera_Free.h">
      <Filter>03. GameObject\Static\Camera\Camera_Free</Filter>
    </ClInclude>
    <ClInclude Include="..\Headers\Camera_Player.h">
      <Filter>03. GameObject\Static\Camera\Camera_Player</Filter>
    </ClInclude>
    <ClInclude Include="..\Headers\Player.h">
      <Filter>03. GameObject\Static\Player</Filter>
    </ClInclude>
    <ClInclude Include="..\Headers\Weapon.h">
      <Filter>03. GameObject\Static\Player\Weapon</Filter>
    </ClInclude>
    <ClInclude Include="..\Headers\Shield.h">
      <Filter>03. GameObject\Static\Player\Shield</Filter>
    </ClInclude>
    <ClInclude Include="..\Headers\UI.h">
      <Filter>03. GameObject\UI</Filter>
    </ClInclude>
    <ClInclude Include="..\Headers\SK_Slot.h">
      <Filter>03. GameObject\UI\SK_Slot</Filter>
    </ClInclude>
    <ClInclude Include="..\Headers\Crystal.h">
      <Filter>03. GameObject\Stage\Interact\Crystal</Filter>
    </ClInclude>
    <ClInclude Include="..\Headers\Icicle.h">
      <Filter>03. GameObject\Stage\Interact\Icicle</Filter>
    </ClInclude>
    <ClInclude Include="..\Headers\GameObject_Static.h">
      <Filter>03. GameObject\Stage\Static</Filter>
    </ClInclude>
  </ItemGroup>
  <ItemGroup>
    <ClCompile Include="Client.cpp">
      <Filter>99. Default</Filter>
    </ClCompile>
    <ClCompile Include="stdafx.cpp">
      <Filter>99. Default</Filter>
    </ClCompile>
    <ClCompile Include="..\Codes\MainApp.cpp">
      <Filter>00. MainApp</Filter>
    </ClCompile>
    <ClCompile Include="..\Codes\Scene_Logo.cpp">
      <Filter>02. Scene\Logo</Filter>
    </ClCompile>
    <ClCompile Include="..\Codes\Loading.cpp">
      <Filter>01. Loading</Filter>
    </ClCompile>
    <ClCompile Include="..\Codes\Loading_Background.cpp">
      <Filter>03. GameObject\Static\SceneChange\LoadingBgr</Filter>
    </ClCompile>
    <ClCompile Include="..\Codes\Loading_Icon.cpp">
      <Filter>03. GameObject\Static\SceneChange\LoadingIcon</Filter>
    </ClCompile>
    <ClCompile Include="..\Codes\Scene_Stage.cpp">
      <Filter>02. Scene\Stage</Filter>
    </ClCompile>
    <ClCompile Include="..\Codes\Scene_Boss.cpp">
      <Filter>02. Scene\Boss</Filter>
    </ClCompile>
    <ClCompile Include="..\Codes\Terrain.cpp">
      <Filter>03. GameObject\Static\Terrain</Filter>
    </ClCompile>
    <ClCompile Include="..\Codes\IOManager.cpp">
      <Filter>09. Manager\IOManager</Filter>
    </ClCompile>
    <ClCompile Include="..\Codes\Monster.cpp">
      <Filter>03. GameObject\Static\Monster</Filter>
    </ClCompile>
    <ClCompile Include="..\Codes\Knole_Warrior.cpp">
      <Filter>03. GameObject\Stage\Monster\Knole_Warrior</Filter>
    </ClCompile>
    <ClCompile Include="..\Codes\Knole_Commander.cpp">
      <Filter>03. GameObject\Stage\Monster\Knole_Commander</Filter>
    </ClCompile>
    <ClCompile Include="..\Codes\Babegazi_Axe.cpp">
      <Filter>03. GameObject\Stage\Monster\Babegazi_Axe</Filter>
    </ClCompile>
    <ClCompile Include="..\Codes\Babegazi_Bow.cpp">
      <Filter>03. GameObject\Stage\Monster\Babegazi_Bow</Filter>
    </ClCompile>
    <ClCompile Include="..\Codes\Babegazi_Warrior.cpp">
      <Filter>03. GameObject\Stage\Monster\Babegazi_Warrior</Filter>
    </ClCompile>
    <ClCompile Include="..\Codes\Subject_Player.cpp">
      <Filter>04. Observer / Subject\Subject\Subject_Player</Filter>
    </ClCompile>
    <ClCompile Include="..\Codes\Observer_Player.cpp">
      <Filter>04. Observer / Subject\Observer\Observer_Player</Filter>
    </ClCompile>
    <ClCompile Include="..\Codes\Camera_Free.cpp">
      <Filter>03. GameObject\Static\Camera\Camera_Free</Filter>
    </ClCompile>
    <ClCompile Include="..\Codes\Camera_Player.cpp">
      <Filter>03. GameObject\Static\Camera\Camera_Player</Filter>
    </ClCompile>
    <ClCompile Include="..\Codes\Player.cpp">
      <Filter>03. GameObject\Static\Player</Filter>
    </ClCompile>
    <ClCompile Include="..\Codes\Weapon.cpp">
      <Filter>03. GameObject\Static\Player\Weapon</Filter>
    </ClCompile>
    <ClCompile Include="..\Codes\Shield.cpp">
      <Filter>03. GameObject\Static\Player\Shield</Filter>
    </ClCompile>
    <ClCompile Include="..\Codes\UI.cpp">
      <Filter>03. GameObject\UI</Filter>
    </ClCompile>
    <ClCompile Include="..\Codes\SK_Slot.cpp">
      <Filter>03. GameObject\UI\SK_Slot</Filter>
    </ClCompile>
    <ClCompile Include="..\Codes\Crystal.cpp">
      <Filter>03. GameObject\Stage\Interact\Crystal</Filter>
    </ClCompile>
    <ClCompile Include="..\Codes\Icicle.cpp">
      <Filter>03. GameObject\Stage\Interact\Icicle</Filter>
    </ClCompile>
    <ClCompile Include="..\Codes\GameObject_Static.cpp">
      <Filter>03. GameObject\Stage\Static</Filter>
    </ClCompile>
  </ItemGroup>
  <ItemGroup>
    <ResourceCompile Include="Client.rc">
      <Filter>99. Default\리소스 파일</Filter>
    </ResourceCompile>
  </ItemGroup>
  <ItemGroup>
    <Image Include="small.ico">
      <Filter>99. Default\리소스 파일</Filter>
    </Image>
    <Image Include="Client.ico">
      <Filter>99. Default\리소스 파일</Filter>
    </Image>
  </ItemGroup>
  <ItemGroup>
    <Text Include="ReadMe.txt">
      <Filter>99. Default</Filter>
    </Text>
  </ItemGroup>
  <ItemGroup>
    <FxCompile Include="..\Bin\ShaderFiles\Shader_Blend.fx">
      <Filter>98. Headers\ShaderFiles</Filter>
    </FxCompile>
    <FxCompile Include="..\Bin\ShaderFiles\Shader_Collider.fx">
      <Filter>98. Headers\ShaderFiles</Filter>
    </FxCompile>
    <FxCompile Include="..\Bin\ShaderFiles\Shader_Default.fx">
      <Filter>98. Headers\ShaderFiles</Filter>
    </FxCompile>
    <FxCompile Include="..\Bin\ShaderFiles\Shader_LightAcc.fx">
      <Filter>98. Headers\ShaderFiles</Filter>
    </FxCompile>
    <FxCompile Include="..\Bin\ShaderFiles\Shader_Terrain.fx">
      <Filter>98. Headers\ShaderFiles</Filter>
    </FxCompile>
    <FxCompile Include="..\Bin\ShaderFiles\Shader_Monster.fx">
      <Filter>98. Headers\ShaderFiles</Filter>
    </FxCompile>
    <FxCompile Include="..\Bin\ShaderFiles\Shader_Player.fx">
      <Filter>98. Headers\ShaderFiles</Filter>
    </FxCompile>
    <FxCompile Include="..\Bin\ShaderFiles\Shader_Weapon.fx">
      <Filter>98. Headers\ShaderFiles</Filter>
    </FxCompile>
    <FxCompile Include="..\Bin\ShaderFiles\Shader_UI.fx">
      <Filter>98. Headers\ShaderFiles</Filter>
    </FxCompile>
    <FxCompile Include="..\Bin\ShaderFiles\Shader_Mesh_Static.fx">
      <Filter>98. Headers\ShaderFiles</Filter>
    </FxCompile>
  </ItemGroup>
</Project>