<?xml version="1.0" encoding="utf-8"?>
<Project ToolsVersion="4.0" xmlns="http://schemas.microsoft.com/developer/msbuild/2003">
  <ItemGroup>
    <Filter Include="99. Default">
      <UniqueIdentifier>{22cfd7d5-3609-4172-a74c-135b5afb4eb5}</UniqueIdentifier>
    </Filter>
    <Filter Include="99. Default\리소스 파일">
      <UniqueIdentifier>{67DA6AB6-F800-4c08-8B7A-83BB121AAD01}</UniqueIdentifier>
      <Extensions>rc;ico;cur;bmp;dlg;rc2;rct;bin;rgs;gif;jpg;jpeg;jpe;resx;tiff;tif;png;wav;mfcribbon-ms</Extensions>
    </Filter>
    <Filter Include="00. MainApp">
      <UniqueIdentifier>{ba7df029-6efb-4011-9aa2-c0826f2db698}</UniqueIdentifier>
    </Filter>
    <Filter Include="98. Headers">
      <UniqueIdentifier>{261162af-0e03-409e-985c-dff318a0eb01}</UniqueIdentifier>
    </Filter>
    <Filter Include="02. Scene">
      <UniqueIdentifier>{9628785d-091f-4ac8-b818-22e6262866b5}</UniqueIdentifier>
    </Filter>
    <Filter Include="02. Scene\Logo">
      <UniqueIdentifier>{3dbd2d20-8d3a-439f-8b7b-04dbbd0f7b52}</UniqueIdentifier>
    </Filter>
    <Filter Include="02. Scene\Stage">
      <UniqueIdentifier>{b8445c04-6964-4969-b968-27646868ca89}</UniqueIdentifier>
    </Filter>
    <Filter Include="02. Scene\Boss">
      <UniqueIdentifier>{3f2a5063-c651-4cfa-bdcd-b09b8ea37fde}</UniqueIdentifier>
    </Filter>
    <Filter Include="01. Loading">
      <UniqueIdentifier>{3fddc165-fbce-412d-b7b7-bdbcd416d0e5}</UniqueIdentifier>
    </Filter>
    <Filter Include="03. GameObject">
      <UniqueIdentifier>{e7f2f70c-63b9-4f72-a1d4-219696f1e6ac}</UniqueIdentifier>
    </Filter>
    <Filter Include="03. GameObject\Stage">
      <UniqueIdentifier>{197bcec3-0208-4437-9894-2ba3bded3092}</UniqueIdentifier>
    </Filter>
    <Filter Include="03. GameObject\Logo">
      <UniqueIdentifier>{9f6e9e25-71f5-4075-96c4-5eb7c7801514}</UniqueIdentifier>
    </Filter>
    <Filter Include="03. GameObject\Boss">
      <UniqueIdentifier>{44d1655f-e8e4-4e4e-96b8-06e82d550931}</UniqueIdentifier>
    </Filter>
    <Filter Include="03. GameObject\Static">
      <UniqueIdentifier>{ccc21c77-473a-4b1f-87fe-b6b2e0d2d572}</UniqueIdentifier>
    </Filter>
    <Filter Include="03. GameObject\Static\SceneChange">
      <UniqueIdentifier>{0cef9f39-9397-4081-a6d1-3896ecb75ed7}</UniqueIdentifier>
    </Filter>
    <Filter Include="03. GameObject\Static\SceneChange\LoadingBgr">
      <UniqueIdentifier>{440f38f5-4fbb-4e67-bc94-02007f91c471}</UniqueIdentifier>
    </Filter>
    <Filter Include="03. GameObject\Static\SceneChange\LoadingIcon">
      <UniqueIdentifier>{6f55c9a7-05d6-4e29-8f7e-099848618dcd}</UniqueIdentifier>
    </Filter>
    <Filter Include="98. Headers\ShaderFiles">
      <UniqueIdentifier>{6ac26d53-94aa-4f2f-b519-d840ce434717}</UniqueIdentifier>
    </Filter>
  </ItemGroup>
  <ItemGroup>
    <ClInclude Include="Client.h">
      <Filter>99. Default</Filter>
    </ClInclude>
    <ClInclude Include="Resource.h">
      <Filter>99. Default</Filter>
    </ClInclude>
    <ClInclude Include="stdafx.h">
      <Filter>99. Default</Filter>
    </ClInclude>
    <ClInclude Include="targetver.h">
      <Filter>99. Default</Filter>
    </ClInclude>
    <ClInclude Include="..\Headers\MainApp.h">
      <Filter>00. MainApp</Filter>
    </ClInclude>
    <ClInclude Include="..\Headers\Client_Defines.h">
      <Filter>98. Headers</Filter>
    </ClInclude>
    <ClInclude Include="..\Headers\Client_Macro.h">
      <Filter>98. Headers</Filter>
    </ClInclude>
    <ClInclude Include="..\Headers\Scene_Logo.h">
      <Filter>02. Scene\Logo</Filter>
    </ClInclude>
    <ClInclude Include="..\Headers\Loading.h">
      <Filter>01. Loading</Filter>
    </ClInclude>
    <ClInclude Include="..\Headers\Loading_Background.h">
      <Filter>03. GameObject\Static\SceneChange\LoadingBgr</Filter>
    </ClInclude>
    <ClInclude Include="..\Headers\Loading_Icon.h">
      <Filter>03. GameObject\Static\SceneChange\LoadingIcon</Filter>
    </ClInclude>
    <ClInclude Include="..\Headers\Scene_Stage.h">
      <Filter>02. Scene\Stage</Filter>
    </ClInclude>
    <ClInclude Include="..\Headers\Scene_Boss.h">
      <Filter>02. Scene\Boss</Filter>
    </ClInclude>
  </ItemGroup>
  <ItemGroup>
    <ClCompile Include="Client.cpp">
      <Filter>99. Default</Filter>
    </ClCompile>
    <ClCompile Include="stdafx.cpp">
      <Filter>99. Default</Filter>
    </ClCompile>
    <ClCompile Include="..\Codes\MainApp.cpp">
      <Filter>00. MainApp</Filter>
    </ClCompile>
    <ClCompile Include="..\Codes\Scene_Logo.cpp">
      <Filter>02. Scene\Logo</Filter>
    </ClCompile>
    <ClCompile Include="..\Codes\Loading.cpp">
      <Filter>01. Loading</Filter>
    </ClCompile>
    <ClCompile Include="..\Codes\Loading_Background.cpp">
      <Filter>03. GameObject\Static\SceneChange\LoadingBgr</Filter>
    </ClCompile>
    <ClCompile Include="..\Codes\Loading_Icon.cpp">
      <Filter>03. GameObject\Static\SceneChange\LoadingIcon</Filter>
    </ClCompile>
    <ClCompile Include="..\Codes\Scene_Stage.cpp">
      <Filter>02. Scene\Stage</Filter>
    </ClCompile>
    <ClCompile Include="..\Codes\Scene_Boss.cpp">
      <Filter>02. Scene\Boss</Filter>
    </ClCompile>
  </ItemGroup>
  <ItemGroup>
    <ResourceCompile Include="Client.rc">
      <Filter>99. Default\리소스 파일</Filter>
    </ResourceCompile>
  </ItemGroup>
  <ItemGroup>
    <Image Include="small.ico">
      <Filter>99. Default\리소스 파일</Filter>
    </Image>
    <Image Include="Client.ico">
      <Filter>99. Default\리소스 파일</Filter>
    </Image>
  </ItemGroup>
  <ItemGroup>
    <Text Include="ReadMe.txt">
      <Filter>99. Default</Filter>
    </Text>
  </ItemGroup>
  <ItemGroup>
    <FxCompile Include="..\Bin\ShaderFiles\Shader_Blend.fx">
      <Filter>98. Headers\ShaderFiles</Filter>
    </FxCompile>
    <FxCompile Include="..\Bin\ShaderFiles\Shader_Collider.fx">
      <Filter>98. Headers\ShaderFiles</Filter>
    </FxCompile>
    <FxCompile Include="..\Bin\ShaderFiles\Shader_Default.fx">
      <Filter>98. Headers\ShaderFiles</Filter>
    </FxCompile>
    <FxCompile Include="..\Bin\ShaderFiles\Shader_LightAcc.fx">
      <Filter>98. Headers\ShaderFiles</Filter>
    </FxCompile>
    <FxCompile Include="..\Bin\ShaderFiles\Shader_Terrain.fx">
      <Filter>98. Headers\ShaderFiles</Filter>
    </FxCompile>
  </ItemGroup>
</Project>